
Microsoft Visual Studio Solution File, Format Version 12.00
# Visual Studio 15
VisualStudioVersion = 15.0.26124.0
MinimumVisualStudioVersion = 15.0.26124.0
Project("{FAE04EC0-301F-11D3-BF4B-00C04F79EFBC}") = "Mitarbeiter", "Mitarbeiter\Mitarbeiter.csproj", "{BB465F7B-9867-4A8F-B37A-C62B2AE52FFC}"
EndProject
Project("{FAE04EC0-301F-11D3-BF4B-00C04F79EFBC}") = "MitarbeiterTest", "MitarbeiterTest\MitarbeiterTest.csproj", "{DEAE24E7-C631-4C04-9F1F-0577888D1B1E}"
EndProject
Global
	GlobalSection(SolutionConfigurationPlatforms) = preSolution
		Debug|Any CPU = Debug|Any CPU
		Debug|x64 = Debug|x64
		Debug|x86 = Debug|x86
		Release|Any CPU = Release|Any CPU
		Release|x64 = Release|x64
		Release|x86 = Release|x86
	EndGlobalSection
	GlobalSection(SolutionProperties) = preSolution
		HideSolutionNode = FALSE
	EndGlobalSection
	GlobalSection(ProjectConfigurationPlatforms) = postSolution
		{BB465F7B-9867-4A8F-B37A-C62B2AE52FFC}.Debug|Any CPU.ActiveCfg = Debug|Any CPU
		{BB465F7B-9867-4A8F-B37A-C62B2AE52FFC}.Debug|Any CPU.Build.0 = Debug|Any CPU
		{BB465F7B-9867-4A8F-B37A-C62B2AE52FFC}.Debug|x64.ActiveCfg = Debug|Any CPU
		{BB465F7B-9867-4A8F-B37A-C62B2AE52FFC}.Debug|x64.Build.0 = Debug|Any CPU
		{BB465F7B-9867-4A8F-B37A-C62B2AE52FFC}.Debug|x86.ActiveCfg = Debug|Any CPU
		{BB465F7B-9867-4A8F-B37A-C62B2AE52FFC}.Debug|x86.Build.0 = Debug|Any CPU
		{BB465F7B-9867-4A8F-B37A-C62B2AE52FFC}.Release|Any CPU.ActiveCfg = Release|Any CPU
		{BB465F7B-9867-4A8F-B37A-C62B2AE52FFC}.Release|Any CPU.Build.0 = Release|Any CPU
		{BB465F7B-9867-4A8F-B37A-C62B2AE52FFC}.Release|x64.ActiveCfg = Release|Any CPU
		{BB465F7B-9867-4A8F-B37A-C62B2AE52FFC}.Release|x64.Build.0 = Release|Any CPU
		{BB465F7B-9867-4A8F-B37A-C62B2AE52FFC}.Release|x86.ActiveCfg = Release|Any CPU
		{BB465F7B-9867-4A8F-B37A-C62B2AE52FFC}.Release|x86.Build.0 = Release|Any CPU
		{DEAE24E7-C631-4C04-9F1F-0577888D1B1E}.Debug|Any CPU.ActiveCfg = Debug|Any CPU
		{DEAE24E7-C631-4C04-9F1F-0577888D1B1E}.Debug|Any CPU.Build.0 = Debug|Any CPU
		{DEAE24E7-C631-4C04-9F1F-0577888D1B1E}.Debug|x64.ActiveCfg = Debug|Any CPU
		{DEAE24E7-C631-4C04-9F1F-0577888D1B1E}.Debug|x64.Build.0 = Debug|Any CPU
		{DEAE24E7-C631-4C04-9F1F-0577888D1B1E}.Debug|x86.ActiveCfg = Debug|Any CPU
		{DEAE24E7-C631-4C04-9F1F-0577888D1B1E}.Debug|x86.Build.0 = Debug|Any CPU
		{DEAE24E7-C631-4C04-9F1F-0577888D1B1E}.Release|Any CPU.ActiveCfg = Release|Any CPU
		{DEAE24E7-C631-4C04-9F1F-0577888D1B1E}.Release|Any CPU.Build.0 = Release|Any CPU
		{DEAE24E7-C631-4C04-9F1F-0577888D1B1E}.Release|x64.ActiveCfg = Release|Any CPU
		{DEAE24E7-C631-4C04-9F1F-0577888D1B1E}.Release|x64.Build.0 = Release|Any CPU
		{DEAE24E7-C631-4C04-9F1F-0577888D1B1E}.Release|x86.ActiveCfg = Release|Any CPU
		{DEAE24E7-C631-4C04-9F1F-0577888D1B1E}.Release|x86.Build.0 = Release|Any CPU
	EndGlobalSection
EndGlobal
